// !$*UTF8*$!
{
	archiveVersion = 1;
	classes = {
	};
	objectVersion = 46;
	objects = {

/* Begin PBXBuildFile section */
		CD0A904F195D6092008B3055 /* WeatherEntry.swift in Sources */ = {isa = PBXBuildFile; fileRef = CD0A904E195D6092008B3055 /* WeatherEntry.swift */; };
		CD0A9051195D7678008B3055 /* DetailsController.swift in Sources */ = {isa = PBXBuildFile; fileRef = CD0A9050195D7678008B3055 /* DetailsController.swift */; };
		CD5E6F45195AF2780015A01E /* AppDelegate.swift in Sources */ = {isa = PBXBuildFile; fileRef = CD5E6F44195AF2780015A01E /* AppDelegate.swift */; };
		CD5E6F4A195AF2790015A01E /* MainController.swift in Sources */ = {isa = PBXBuildFile; fileRef = CD5E6F49195AF2790015A01E /* MainController.swift */; };
		CD5E6F4D195AF2790015A01E /* Main.storyboard in Resources */ = {isa = PBXBuildFile; fileRef = CD5E6F4B195AF2790015A01E /* Main.storyboard */; };
		CD5E6F4F195AF2790015A01E /* Images.xcassets in Resources */ = {isa = PBXBuildFile; fileRef = CD5E6F4E195AF2790015A01E /* Images.xcassets */; };
		CD5E6F5B195AF2790015A01E /* WeatherTests.swift in Sources */ = {isa = PBXBuildFile; fileRef = CD5E6F5A195AF2790015A01E /* WeatherTests.swift */; };
		CD5E6F65195AF4E40015A01E /* Foundation.framework in Frameworks */ = {isa = PBXBuildFile; fileRef = CD5E6F64195AF4E40015A01E /* Foundation.framework */; };
		CD9157A719617149008971BF /* Weather.m in Sources */ = {isa = PBXBuildFile; fileRef = CD9157A619617149008971BF /* Weather.m */; };
		CD9157AA1961A4E4008971BF /* DevicesController.swift in Sources */ = {isa = PBXBuildFile; fileRef = CD9157A91961A4E4008971BF /* DevicesController.swift */; };
		CD9157AD1961A88C008971BF /* UIKit.framework in Frameworks */ = {isa = PBXBuildFile; fileRef = CD9157AC1961A88C008971BF /* UIKit.framework */; };
		CD9157AF1961A897008971BF /* CoreBluetooth.framework in Frameworks */ = {isa = PBXBuildFile; fileRef = CD9157AE1961A897008971BF /* CoreBluetooth.framework */; };
		CDD3F52D195DB70D00218D7D /* WeatherModel.xcdatamodeld in Sources */ = {isa = PBXBuildFile; fileRef = CDD3F52B195DB70D00218D7D /* WeatherModel.xcdatamodeld */; };
		CDD3F52F195DB94500218D7D /* CoreData.framework in Frameworks */ = {isa = PBXBuildFile; fileRef = CDD3F52E195DB94500218D7D /* CoreData.framework */; };
/* End PBXBuildFile section */

/* Begin PBXContainerItemProxy section */
		CD5E6F55195AF2790015A01E /* PBXContainerItemProxy */ = {
			isa = PBXContainerItemProxy;
			containerPortal = CD5E6F37195AF2780015A01E /* Project object */;
			proxyType = 1;
			remoteGlobalIDString = CD5E6F3E195AF2780015A01E;
			remoteInfo = Weather;
		};
/* End PBXContainerItemProxy section */

/* Begin PBXFileReference section */
		CD0A904E195D6092008B3055 /* WeatherEntry.swift */ = {isa = PBXFileReference; fileEncoding = 4; lastKnownFileType = sourcecode.swift; name = WeatherEntry.swift; path = Weather/WeatherEntry.swift; sourceTree = "<group>"; };
		CD0A9050195D7678008B3055 /* DetailsController.swift */ = {isa = PBXFileReference; fileEncoding = 4; lastKnownFileType = sourcecode.swift; name = DetailsController.swift; path = ../DetailsController.swift; sourceTree = "<group>"; };
		CD5E6F3F195AF2780015A01E /* Weather.app */ = {isa = PBXFileReference; explicitFileType = wrapper.application; includeInIndex = 0; path = Weather.app; sourceTree = BUILT_PRODUCTS_DIR; };
		CD5E6F43195AF2780015A01E /* Info.plist */ = {isa = PBXFileReference; lastKnownFileType = text.plist.xml; path = Info.plist; sourceTree = "<group>"; };
		CD5E6F44195AF2780015A01E /* AppDelegate.swift */ = {isa = PBXFileReference; lastKnownFileType = sourcecode.swift; path = AppDelegate.swift; sourceTree = "<group>"; };
		CD5E6F49195AF2790015A01E /* MainController.swift */ = {isa = PBXFileReference; lastKnownFileType = sourcecode.swift; path = MainController.swift; sourceTree = "<group>"; };
		CD5E6F4C195AF2790015A01E /* Base */ = {isa = PBXFileReference; lastKnownFileType = file.storyboard; name = Base; path = Base.lproj/Main.storyboard; sourceTree = "<group>"; };
		CD5E6F4E195AF2790015A01E /* Images.xcassets */ = {isa = PBXFileReference; lastKnownFileType = folder.assetcatalog; path = Images.xcassets; sourceTree = "<group>"; };
		CD5E6F54195AF2790015A01E /* WeatherTests.xctest */ = {isa = PBXFileReference; explicitFileType = wrapper.cfbundle; includeInIndex = 0; path = WeatherTests.xctest; sourceTree = BUILT_PRODUCTS_DIR; };
		CD5E6F59195AF2790015A01E /* Info.plist */ = {isa = PBXFileReference; lastKnownFileType = text.plist.xml; path = Info.plist; sourceTree = "<group>"; };
		CD5E6F5A195AF2790015A01E /* WeatherTests.swift */ = {isa = PBXFileReference; lastKnownFileType = sourcecode.swift; path = WeatherTests.swift; sourceTree = "<group>"; };
		CD5E6F64195AF4E40015A01E /* Foundation.framework */ = {isa = PBXFileReference; lastKnownFileType = wrapper.framework; name = Foundation.framework; path = System/Library/Frameworks/Foundation.framework; sourceTree = SDKROOT; };
		CD9157A519617149008971BF /* Weather.h */ = {isa = PBXFileReference; fileEncoding = 4; lastKnownFileType = sourcecode.c.h; path = Weather.h; sourceTree = SOURCE_ROOT; };
		CD9157A619617149008971BF /* Weather.m */ = {isa = PBXFileReference; fileEncoding = 4; lastKnownFileType = sourcecode.c.objc; path = Weather.m; sourceTree = SOURCE_ROOT; };
		CD9157A91961A4E4008971BF /* DevicesController.swift */ = {isa = PBXFileReference; fileEncoding = 4; lastKnownFileType = sourcecode.swift; path = DevicesController.swift; sourceTree = "<group>"; };
		CD9157AC1961A88C008971BF /* UIKit.framework */ = {isa = PBXFileReference; lastKnownFileType = wrapper.framework; name = UIKit.framework; path = System/Library/Frameworks/UIKit.framework; sourceTree = SDKROOT; };
		CD9157AE1961A897008971BF /* CoreBluetooth.framework */ = {isa = PBXFileReference; lastKnownFileType = wrapper.framework; name = CoreBluetooth.framework; path = System/Library/Frameworks/CoreBluetooth.framework; sourceTree = SDKROOT; };
		CDD3F523195D91F300218D7D /* Weather-Bridging-Header.h */ = {isa = PBXFileReference; lastKnownFileType = sourcecode.c.h; path = "Weather-Bridging-Header.h"; sourceTree = "<group>"; };
		CDD3F52C195DB70D00218D7D /* WeatherModel.xcdatamodel */ = {isa = PBXFileReference; lastKnownFileType = wrapper.xcdatamodel; path = WeatherModel.xcdatamodel; sourceTree = "<group>"; };
		CDD3F52E195DB94500218D7D /* CoreData.framework */ = {isa = PBXFileReference; lastKnownFileType = wrapper.framework; name = CoreData.framework; path = System/Library/Frameworks/CoreData.framework; sourceTree = SDKROOT; };
/* End PBXFileReference section */

/* Begin PBXFrameworksBuildPhase section */
		CD5E6F3C195AF2780015A01E /* Frameworks */ = {
			isa = PBXFrameworksBuildPhase;
			buildActionMask = 2147483647;
			files = (
				CD9157AF1961A897008971BF /* CoreBluetooth.framework in Frameworks */,
				CD9157AD1961A88C008971BF /* UIKit.framework in Frameworks */,
				CDD3F52F195DB94500218D7D /* CoreData.framework in Frameworks */,
				CD5E6F65195AF4E40015A01E /* Foundation.framework in Frameworks */,
			);
			runOnlyForDeploymentPostprocessing = 0;
		};
		CD5E6F51195AF2790015A01E /* Frameworks */ = {
			isa = PBXFrameworksBuildPhase;
			buildActionMask = 2147483647;
			files = (
			);
			runOnlyForDeploymentPostprocessing = 0;
		};
/* End PBXFrameworksBuildPhase section */

/* Begin PBXGroup section */
		CD5E6F36195AF2780015A01E = {
			isa = PBXGroup;
			children = (
				CD9157B01961A8A8008971BF /* Frameworks */,
				CD9157AB1961A6A1008971BF /* Model */,
				CD9157A81961A4BF008971BF /* BLE */,
				CD5E6F41195AF2780015A01E /* Weather */,
				CD5E6F57195AF2790015A01E /* WeatherTests */,
				CD5E6F40195AF2780015A01E /* Products */,
			);
			sourceTree = "<group>";
		};
		CD5E6F40195AF2780015A01E /* Products */ = {
			isa = PBXGroup;
			children = (
				CD5E6F3F195AF2780015A01E /* Weather.app */,
				CD5E6F54195AF2790015A01E /* WeatherTests.xctest */,
			);
			name = Products;
			sourceTree = "<group>";
		};
		CD5E6F41195AF2780015A01E /* Weather */ = {
			isa = PBXGroup;
			children = (
				CD0A9050195D7678008B3055 /* DetailsController.swift */,
				CD5E6F44195AF2780015A01E /* AppDelegate.swift */,
				CD5E6F49195AF2790015A01E /* MainController.swift */,
				CD5E6F4B195AF2790015A01E /* Main.storyboard */,
				CD5E6F4E195AF2790015A01E /* Images.xcassets */,
				CD5E6F42195AF2780015A01E /* Supporting Files */,
				CDD3F523195D91F300218D7D /* Weather-Bridging-Header.h */,
				CDD3F52B195DB70D00218D7D /* WeatherModel.xcdatamodeld */,
			);
			path = Weather;
			sourceTree = "<group>";
		};
		CD5E6F42195AF2780015A01E /* Supporting Files */ = {
			isa = PBXGroup;
			children = (
				CD5E6F43195AF2780015A01E /* Info.plist */,
			);
			name = "Supporting Files";
			sourceTree = "<group>";
		};
		CD5E6F57195AF2790015A01E /* WeatherTests */ = {
			isa = PBXGroup;
			children = (
				CD5E6F5A195AF2790015A01E /* WeatherTests.swift */,
				CD5E6F58195AF2790015A01E /* Supporting Files */,
			);
			path = WeatherTests;
			sourceTree = "<group>";
		};
		CD5E6F58195AF2790015A01E /* Supporting Files */ = {
			isa = PBXGroup;
			children = (
				CD5E6F59195AF2790015A01E /* Info.plist */,
			);
			name = "Supporting Files";
			sourceTree = "<group>";
		};
		CD9157A81961A4BF008971BF /* BLE */ = {
			isa = PBXGroup;
			children = (
				CD9157A91961A4E4008971BF /* DevicesController.swift */,
			);
			name = BLE;
			sourceTree = "<group>";
		};
		CD9157AB1961A6A1008971BF /* Model */ = {
			isa = PBXGroup;
			children = (
				CD0A904E195D6092008B3055 /* WeatherEntry.swift */,
				CD9157A519617149008971BF /* Weather.h */,
				CD9157A619617149008971BF /* Weather.m */,
			);
			name = Model;
			sourceTree = "<group>";
		};
		CD9157B01961A8A8008971BF /* Frameworks */ = {
			isa = PBXGroup;
			children = (
				CD9157AE1961A897008971BF /* CoreBluetooth.framework */,
				CD9157AC1961A88C008971BF /* UIKit.framework */,
				CDD3F52E195DB94500218D7D /* CoreData.framework */,
				CD5E6F64195AF4E40015A01E /* Foundation.framework */,
			);
			name = Frameworks;
			sourceTree = "<group>";
		};
/* End PBXGroup section */

/* Begin PBXNativeTarget section */
		CD5E6F3E195AF2780015A01E /* Weather */ = {
			isa = PBXNativeTarget;
			buildConfigurationList = CD5E6F5E195AF2790015A01E /* Build configuration list for PBXNativeTarget "Weather" */;
			buildPhases = (
				CD5E6F3B195AF2780015A01E /* Sources */,
				CD5E6F3C195AF2780015A01E /* Frameworks */,
				CD5E6F3D195AF2780015A01E /* Resources */,
			);
			buildRules = (
			);
			dependencies = (
			);
			name = Weather;
			productName = Weather;
			productReference = CD5E6F3F195AF2780015A01E /* Weather.app */;
			productType = "com.apple.product-type.application";
		};
		CD5E6F53195AF2790015A01E /* WeatherTests */ = {
			isa = PBXNativeTarget;
			buildConfigurationList = CD5E6F61195AF2790015A01E /* Build configuration list for PBXNativeTarget "WeatherTests" */;
			buildPhases = (
				CD5E6F50195AF2790015A01E /* Sources */,
				CD5E6F51195AF2790015A01E /* Frameworks */,
				CD5E6F52195AF2790015A01E /* Resources */,
			);
			buildRules = (
			);
			dependencies = (
				CD5E6F56195AF2790015A01E /* PBXTargetDependency */,
			);
			name = WeatherTests;
			productName = WeatherTests;
			productReference = CD5E6F54195AF2790015A01E /* WeatherTests.xctest */;
			productType = "com.apple.product-type.bundle.unit-test";
		};
/* End PBXNativeTarget section */

/* Begin PBXProject section */
		CD5E6F37195AF2780015A01E /* Project object */ = {
			isa = PBXProject;
			attributes = {
				LastUpgradeCheck = 0600;
				ORGANIZATIONNAME = DORMA;
				TargetAttributes = {
					CD5E6F3E195AF2780015A01E = {
						CreatedOnToolsVersion = 6.0;
					};
					CD5E6F53195AF2790015A01E = {
						CreatedOnToolsVersion = 6.0;
						TestTargetID = CD5E6F3E195AF2780015A01E;
					};
				};
			};
			buildConfigurationList = CD5E6F3A195AF2780015A01E /* Build configuration list for PBXProject "Weather" */;
			compatibilityVersion = "Xcode 3.2";
			developmentRegion = English;
			hasScannedForEncodings = 0;
			knownRegions = (
				en,
				Base,
			);
			mainGroup = CD5E6F36195AF2780015A01E;
			productRefGroup = CD5E6F40195AF2780015A01E /* Products */;
			projectDirPath = "";
			projectRoot = "";
			targets = (
				CD5E6F3E195AF2780015A01E /* Weather */,
				CD5E6F53195AF2790015A01E /* WeatherTests */,
			);
		};
/* End PBXProject section */

/* Begin PBXResourcesBuildPhase section */
		CD5E6F3D195AF2780015A01E /* Resources */ = {
			isa = PBXResourcesBuildPhase;
			buildActionMask = 2147483647;
			files = (
				CD5E6F4D195AF2790015A01E /* Main.storyboard in Resources */,
				CD5E6F4F195AF2790015A01E /* Images.xcassets in Resources */,
			);
			runOnlyForDeploymentPostprocessing = 0;
		};
		CD5E6F52195AF2790015A01E /* Resources */ = {
			isa = PBXResourcesBuildPhase;
			buildActionMask = 2147483647;
			files = (
			);
			runOnlyForDeploymentPostprocessing = 0;
		};
/* End PBXResourcesBuildPhase section */

/* Begin PBXSourcesBuildPhase section */
		CD5E6F3B195AF2780015A01E /* Sources */ = {
			isa = PBXSourcesBuildPhase;
			buildActionMask = 2147483647;
			files = (
				CD9157A719617149008971BF /* Weather.m in Sources */,
				CDD3F52D195DB70D00218D7D /* WeatherModel.xcdatamodeld in Sources */,
				CD5E6F4A195AF2790015A01E /* MainController.swift in Sources */,
				CD5E6F45195AF2780015A01E /* AppDelegate.swift in Sources */,
				CD0A9051195D7678008B3055 /* DetailsController.swift in Sources */,
				CD9157AA1961A4E4008971BF /* DevicesController.swift in Sources */,
				CD0A904F195D6092008B3055 /* WeatherEntry.swift in Sources */,
			);
			runOnlyForDeploymentPostprocessing = 0;
		};
		CD5E6F50195AF2790015A01E /* Sources */ = {
			isa = PBXSourcesBuildPhase;
			buildActionMask = 2147483647;
			files = (
				CD5E6F5B195AF2790015A01E /* WeatherTests.swift in Sources */,
			);
			runOnlyForDeploymentPostprocessing = 0;
		};
/* End PBXSourcesBuildPhase section */

/* Begin PBXTargetDependency section */
		CD5E6F56195AF2790015A01E /* PBXTargetDependency */ = {
			isa = PBXTargetDependency;
			target = CD5E6F3E195AF2780015A01E /* Weather */;
			targetProxy = CD5E6F55195AF2790015A01E /* PBXContainerItemProxy */;
		};
/* End PBXTargetDependency section */

/* Begin PBXVariantGroup section */
		CD5E6F4B195AF2790015A01E /* Main.storyboard */ = {
			isa = PBXVariantGroup;
			children = (
				CD5E6F4C195AF2790015A01E /* Base */,
			);
			name = Main.storyboard;
			sourceTree = "<group>";
		};
/* End PBXVariantGroup section */

/* Begin XCBuildConfiguration section */
		CD5E6F5C195AF2790015A01E /* Debug */ = {
			isa = XCBuildConfiguration;
			buildSettings = {
				ALWAYS_SEARCH_USER_PATHS = NO;
				CLANG_CXX_LANGUAGE_STANDARD = "gnu++0x";
				CLANG_CXX_LIBRARY = "libc++";
				CLANG_ENABLE_MODULES = YES;
				CLANG_ENABLE_OBJC_ARC = YES;
				CLANG_WARN_BOOL_CONVERSION = YES;
				CLANG_WARN_CONSTANT_CONVERSION = YES;
				CLANG_WARN_DIRECT_OBJC_ISA_USAGE = YES_ERROR;
				CLANG_WARN_EMPTY_BODY = YES;
				CLANG_WARN_ENUM_CONVERSION = YES;
				CLANG_WARN_INT_CONVERSION = YES;
				CLANG_WARN_OBJC_ROOT_CLASS = YES_ERROR;
				CLANG_WARN_UNREACHABLE_CODE = YES;
				CLANG_WARN__DUPLICATE_METHOD_MATCH = YES;
				"CODE_SIGN_IDENTITY[sdk=iphoneos*]" = "iPhone Developer";
				COPY_PHASE_STRIP = NO;
				ENABLE_STRICT_OBJC_MSGSEND = YES;
				GCC_C_LANGUAGE_STANDARD = gnu99;
				GCC_DYNAMIC_NO_PIC = NO;
				GCC_OPTIMIZATION_LEVEL = 0;
				GCC_PREPROCESSOR_DEFINITIONS = (
					"DEBUG=1",
					"$(inherited)",
				);
				GCC_SYMBOLS_PRIVATE_EXTERN = NO;
				GCC_WARN_64_TO_32_BIT_CONVERSION = YES;
				GCC_WARN_ABOUT_RETURN_TYPE = YES_ERROR;
				GCC_WARN_UNDECLARED_SELECTOR = YES;
				GCC_WARN_UNINITIALIZED_AUTOS = YES_AGGRESSIVE;
				GCC_WARN_UNUSED_FUNCTION = YES;
				GCC_WARN_UNUSED_VARIABLE = YES;
				IPHONEOS_DEPLOYMENT_TARGET = 8.0;
				METAL_ENABLE_DEBUG_INFO = YES;
				ONLY_ACTIVE_ARCH = YES;
				SDKROOT = iphoneos;
				SWIFT_OBJC_BRIDGING_HEADER = "Weather-Briding-Header.h";
				SWIFT_OPTIMIZATION_LEVEL = "-Onone";
				TARGETED_DEVICE_FAMILY = "1,2";
			};
			name = Debug;
		};
		CD5E6F5D195AF2790015A01E /* Release */ = {
			isa = XCBuildConfiguration;
			buildSettings = {
				ALWAYS_SEARCH_USER_PATHS = NO;
				CLANG_CXX_LANGUAGE_STANDARD = "gnu++0x";
				CLANG_CXX_LIBRARY = "libc++";
				CLANG_ENABLE_MODULES = YES;
				CLANG_ENABLE_OBJC_ARC = YES;
				CLANG_WARN_BOOL_CONVERSION = YES;
				CLANG_WARN_CONSTANT_CONVERSION = YES;
				CLANG_WARN_DIRECT_OBJC_ISA_USAGE = YES_ERROR;
				CLANG_WARN_EMPTY_BODY = YES;
				CLANG_WARN_ENUM_CONVERSION = YES;
				CLANG_WARN_INT_CONVERSION = YES;
				CLANG_WARN_OBJC_ROOT_CLASS = YES_ERROR;
				CLANG_WARN_UNREACHABLE_CODE = YES;
				CLANG_WARN__DUPLICATE_METHOD_MATCH = YES;
				"CODE_SIGN_IDENTITY[sdk=iphoneos*]" = "iPhone Developer";
				COPY_PHASE_STRIP = YES;
				ENABLE_NS_ASSERTIONS = NO;
				ENABLE_STRICT_OBJC_MSGSEND = YES;
				GCC_C_LANGUAGE_STANDARD = gnu99;
				GCC_WARN_64_TO_32_BIT_CONVERSION = YES;
				GCC_WARN_ABOUT_RETURN_TYPE = YES_ERROR;
				GCC_WARN_UNDECLARED_SELECTOR = YES;
				GCC_WARN_UNINITIALIZED_AUTOS = YES_AGGRESSIVE;
				GCC_WARN_UNUSED_FUNCTION = YES;
				GCC_WARN_UNUSED_VARIABLE = YES;
				IPHONEOS_DEPLOYMENT_TARGET = 8.0;
				METAL_ENABLE_DEBUG_INFO = NO;
				SDKROOT = iphoneos;
				SWIFT_OBJC_BRIDGING_HEADER = "Weather-Briding-Header.h";
				TARGETED_DEVICE_FAMILY = "1,2";
				VALIDATE_PRODUCT = YES;
			};
			name = Release;
		};
		CD5E6F5F195AF2790015A01E /* Debug */ = {
			isa = XCBuildConfiguration;
			buildSettings = {
				ASSETCATALOG_COMPILER_APPICON_NAME = AppIcon;
				ASSETCATALOG_COMPILER_LAUNCHIMAGE_NAME = LaunchImage;
				CLANG_ENABLE_MODULES = YES;
				INFOPLIST_FILE = Weather/Info.plist;
				IPHONEOS_DEPLOYMENT_TARGET = 7.1;
				LD_RUNPATH_SEARCH_PATHS = "$(inherited) @executable_path/Frameworks";
				PRODUCT_NAME = "$(TARGET_NAME)";
				SWIFT_OBJC_BRIDGING_HEADER = "Weather/Weather-Bridging-Header.h";
				SWIFT_OPTIMIZATION_LEVEL = "-Onone";
			};
			name = Debug;
		};
		CD5E6F60195AF2790015A01E /* Release */ = {
			isa = XCBuildConfiguration;
			buildSettings = {
				ASSETCATALOG_COMPILER_APPICON_NAME = AppIcon;
				ASSETCATALOG_COMPILER_LAUNCHIMAGE_NAME = LaunchImage;
				CLANG_ENABLE_MODULES = YES;
				INFOPLIST_FILE = Weather/Info.plist;
				IPHONEOS_DEPLOYMENT_TARGET = 7.1;
				LD_RUNPATH_SEARCH_PATHS = "$(inherited) @executable_path/Frameworks";
				PRODUCT_NAME = "$(TARGET_NAME)";
				SWIFT_OBJC_BRIDGING_HEADER = "Weather/Weather-Bridging-Header.h";
			};
			name = Release;
		};
		CD5E6F62195AF2790015A01E /* Debug */ = {
			isa = XCBuildConfiguration;
			buildSettings = {
				BUNDLE_LOADER = "$(BUILT_PRODUCTS_DIR)/Weather.app/Weather";
				FRAMEWORK_SEARCH_PATHS = (
					"$(SDKROOT)/Developer/Library/Frameworks",
					"$(inherited)",
				);
				GCC_PREPROCESSOR_DEFINITIONS = (
					"DEBUG=1",
					"$(inherited)",
				);
				INFOPLIST_FILE = WeatherTests/Info.plist;
				LD_RUNPATH_SEARCH_PATHS = "$(inherited) @executable_path/Frameworks @loader_path/Frameworks";
				METAL_ENABLE_DEBUG_INFO = YES;
				PRODUCT_NAME = "$(TARGET_NAME)";
				TEST_HOST = "$(BUNDLE_LOADER)";
			};
			name = Debug;
		};
		CD5E6F63195AF2790015A01E /* Release */ = {
			isa = XCBuildConfiguration;
			buildSettings = {
				BUNDLE_LOADER = "$(BUILT_PRODUCTS_DIR)/Weather.app/Weather";
				FRAMEWORK_SEARCH_PATHS = (
					"$(SDKROOT)/Developer/Library/Frameworks",
					"$(inherited)",
				);
				INFOPLIST_FILE = WeatherTests/Info.plist;
				LD_RUNPATH_SEARCH_PATHS = "$(inherited) @executable_path/Frameworks @loader_path/Frameworks";
				METAL_ENABLE_DEBUG_INFO = NO;
				PRODUCT_NAME = "$(TARGET_NAME)";
				TEST_HOST = "$(BUNDLE_LOADER)";
			};
			name = Release;
		};
/* End XCBuildConfiguration section */

/* Begin XCConfigurationList section */
		CD5E6F3A195AF2780015A01E /* Build configuration list for PBXProject "Weather" */ = {
			isa = XCConfigurationList;
			buildConfigurations = (
				CD5E6F5C195AF2790015A01E /* Debug */,
				CD5E6F5D195AF2790015A01E /* Release */,
			);
			defaultConfigurationIsVisible = 0;
			defaultConfigurationName = Release;
		};
		CD5E6F5E195AF2790015A01E /* Build configuration list for PBXNativeTarget "Weather" */ = {
			isa = XCConfigurationList;
			buildConfigurations = (
				CD5E6F5F195AF2790015A01E /* Debug */,
				CD5E6F60195AF2790015A01E /* Release */,
			);
			defaultConfigurationIsVisible = 0;
			defaultConfigurationName = Release;
		};
		CD5E6F61195AF2790015A01E /* Build configuration list for PBXNativeTarget "WeatherTests" */ = {
			isa = XCConfigurationList;
			buildConfigurations = (
				CD5E6F62195AF2790015A01E /* Debug */,
				CD5E6F63195AF2790015A01E /* Release */,
			);
			defaultConfigurationIsVisible = 0;
			defaultConfigurationName = Release;
		};
/* End XCConfigurationList section */

/* Begin XCVersionGroup section */
		CDD3F52B195DB70D00218D7D /* WeatherModel.xcdatamodeld */ = {
			isa = XCVersionGroup;
			children = (
				CDD3F52C195DB70D00218D7D /* WeatherModel.xcdatamodel */,
			);
			currentVersion = CDD3F52C195DB70D00218D7D /* WeatherModel.xcdatamodel */;
			path = WeatherModel.xcdatamodeld;
			sourceTree = "<group>";
			versionGroupType = wrapper.xcdatamodel;
		};
/* End XCVersionGroup section */
	};
	rootObject = CD5E6F37195AF2780015A01E /* Project object */;
}
